
Microsoft Visual Studio Solution File, Format Version 12.00
# Visual Studio 15
VisualStudioVersion = 15.0.26430.4
MinimumVisualStudioVersion = 10.0.40219.1
Project("{FAE04EC0-301F-11D3-BF4B-00C04F79EFBC}") = "Task01ReverseNumbers", "Task01ReverseNumbers\Task01ReverseNumbers.csproj", "{5DEAC80D-81E6-4CB2-9561-4B7416F20BAB}"
EndProject
Project("{FAE04EC0-301F-11D3-BF4B-00C04F79EFBC}") = "Task02BasicStackOpreations", "Task02BasicStackOpreations\Task02BasicStackOpreations.csproj", "{864EB0C0-2946-4378-9F99-4D4F78A1D3A4}"
EndProject
Project("{FAE04EC0-301F-11D3-BF4B-00C04F79EFBC}") = "Task03MaximumElement", "Task03MaximumElement\Task03MaximumElement.csproj", "{C970A5EA-150B-4449-8386-A98C11192C08}"
EndProject
Project("{FAE04EC0-301F-11D3-BF4B-00C04F79EFBC}") = "Task04BasicQueueOperations", "Task04BasicQueueOperations\Task04BasicQueueOperations.csproj", "{922E8DA8-76CB-424F-A4D9-DFD109A47A66}"
EndProject
Project("{FAE04EC0-301F-11D3-BF4B-00C04F79EFBC}") = "Task05SequenceWithQueue", "Task05SequenceWithQueue\Task05SequenceWithQueue.csproj", "{041A7B62-43F7-4F3A-A63F-9363A639B43F}"
EndProject
Project("{FAE04EC0-301F-11D3-BF4B-00C04F79EFBC}") = "Task06TruckTour", "Task06TruckTour\Task06TruckTour.csproj", "{0A875E70-87B7-4D4B-86E5-1329418E71F4}"
EndProject
Project("{FAE04EC0-301F-11D3-BF4B-00C04F79EFBC}") = "Task07BalancedPrenhises", "Task07BalancedPrenhises\Task07BalancedPrenhises.csproj", "{3B894120-5F18-4B62-B3B6-C62CA3DE6B28}"
EndProject
Project("{FAE04EC0-301F-11D3-BF4B-00C04F79EFBC}") = "Task08RecursiveFibonacci", "Task08RecursiveFibonacci\Task08RecursiveFibonacci.csproj", "{FBE98539-FBBD-4D35-ADED-AB943B6396FB}"
EndProject
Project("{FAE04EC0-301F-11D3-BF4B-00C04F79EFBC}") = "Task09StackFibonacci", "Task09StackFibonacci\Task09StackFibonacci.csproj", "{58369AFE-F1A5-444D-B13C-35272A72B240}"
EndProject
Project("{FAE04EC0-301F-11D3-BF4B-00C04F79EFBC}") = "Task10SimpleTextEditor", "Task10SimpleTextEditor\Task10SimpleTextEditor.csproj", "{A4462250-E6AC-4FB5-A69B-5AFECF7E64A8}"
EndProject
Project("{FAE04EC0-301F-11D3-BF4B-00C04F79EFBC}") = "Task11PoisonousPlants", "Task11PoisonousPlants\Task11PoisonousPlants.csproj", "{A75ED90C-33C6-4F31-910F-E0481EE88553}"
EndProject
Global
	GlobalSection(SolutionConfigurationPlatforms) = preSolution
		Debug|Any CPU = Debug|Any CPU
		Release|Any CPU = Release|Any CPU
	EndGlobalSection
	GlobalSection(ProjectConfigurationPlatforms) = postSolution
		{5DEAC80D-81E6-4CB2-9561-4B7416F20BAB}.Debug|Any CPU.ActiveCfg = Debug|Any CPU
		{5DEAC80D-81E6-4CB2-9561-4B7416F20BAB}.Debug|Any CPU.Build.0 = Debug|Any CPU
		{5DEAC80D-81E6-4CB2-9561-4B7416F20BAB}.Release|Any CPU.ActiveCfg = Release|Any CPU
		{5DEAC80D-81E6-4CB2-9561-4B7416F20BAB}.Release|Any CPU.Build.0 = Release|Any CPU
		{864EB0C0-2946-4378-9F99-4D4F78A1D3A4}.Debug|Any CPU.ActiveCfg = Debug|Any CPU
		{864EB0C0-2946-4378-9F99-4D4F78A1D3A4}.Debug|Any CPU.Build.0 = Debug|Any CPU
		{864EB0C0-2946-4378-9F99-4D4F78A1D3A4}.Release|Any CPU.ActiveCfg = Release|Any CPU
		{864EB0C0-2946-4378-9F99-4D4F78A1D3A4}.Release|Any CPU.Build.0 = Release|Any CPU
		{C970A5EA-150B-4449-8386-A98C11192C08}.Debug|Any CPU.ActiveCfg = Debug|Any CPU
		{C970A5EA-150B-4449-8386-A98C11192C08}.Debug|Any CPU.Build.0 = Debug|Any CPU
		{C970A5EA-150B-4449-8386-A98C11192C08}.Release|Any CPU.ActiveCfg = Release|Any CPU
		{C970A5EA-150B-4449-8386-A98C11192C08}.Release|Any CPU.Build.0 = Release|Any CPU
		{922E8DA8-76CB-424F-A4D9-DFD109A47A66}.Debug|Any CPU.ActiveCfg = Debug|Any CPU
		{922E8DA8-76CB-424F-A4D9-DFD109A47A66}.Debug|Any CPU.Build.0 = Debug|Any CPU
		{922E8DA8-76CB-424F-A4D9-DFD109A47A66}.Release|Any CPU.ActiveCfg = Release|Any CPU
		{922E8DA8-76CB-424F-A4D9-DFD109A47A66}.Release|Any CPU.Build.0 = Release|Any CPU
		{041A7B62-43F7-4F3A-A63F-9363A639B43F}.Debug|Any CPU.ActiveCfg = Debug|Any CPU
		{041A7B62-43F7-4F3A-A63F-9363A639B43F}.Debug|Any CPU.Build.0 = Debug|Any CPU
		{041A7B62-43F7-4F3A-A63F-9363A639B43F}.Release|Any CPU.ActiveCfg = Release|Any CPU
		{041A7B62-43F7-4F3A-A63F-9363A639B43F}.Release|Any CPU.Build.0 = Release|Any CPU
		{0A875E70-87B7-4D4B-86E5-1329418E71F4}.Debug|Any CPU.ActiveCfg = Debug|Any CPU
		{0A875E70-87B7-4D4B-86E5-1329418E71F4}.Debug|Any CPU.Build.0 = Debug|Any CPU
		{0A875E70-87B7-4D4B-86E5-1329418E71F4}.Release|Any CPU.ActiveCfg = Release|Any CPU
		{0A875E70-87B7-4D4B-86E5-1329418E71F4}.Release|Any CPU.Build.0 = Release|Any CPU
		{3B894120-5F18-4B62-B3B6-C62CA3DE6B28}.Debug|Any CPU.ActiveCfg = Debug|Any CPU
		{3B894120-5F18-4B62-B3B6-C62CA3DE6B28}.Debug|Any CPU.Build.0 = Debug|Any CPU
		{3B894120-5F18-4B62-B3B6-C62CA3DE6B28}.Release|Any CPU.ActiveCfg = Release|Any CPU
		{3B894120-5F18-4B62-B3B6-C62CA3DE6B28}.Release|Any CPU.Build.0 = Release|Any CPU
		{FBE98539-FBBD-4D35-ADED-AB943B6396FB}.Debug|Any CPU.ActiveCfg = Debug|Any CPU
		{FBE98539-FBBD-4D35-ADED-AB943B6396FB}.Debug|Any CPU.Build.0 = Debug|Any CPU
		{FBE98539-FBBD-4D35-ADED-AB943B6396FB}.Release|Any CPU.ActiveCfg = Release|Any CPU
		{FBE98539-FBBD-4D35-ADED-AB943B6396FB}.Release|Any CPU.Build.0 = Release|Any CPU
		{58369AFE-F1A5-444D-B13C-35272A72B240}.Debug|Any CPU.ActiveCfg = Debug|Any CPU
		{58369AFE-F1A5-444D-B13C-35272A72B240}.Debug|Any CPU.Build.0 = Debug|Any CPU
		{58369AFE-F1A5-444D-B13C-35272A72B240}.Release|Any CPU.ActiveCfg = Release|Any CPU
		{58369AFE-F1A5-444D-B13C-35272A72B240}.Release|Any CPU.Build.0 = Release|Any CPU
		{A4462250-E6AC-4FB5-A69B-5AFECF7E64A8}.Debug|Any CPU.ActiveCfg = Debug|Any CPU
		{A4462250-E6AC-4FB5-A69B-5AFECF7E64A8}.Debug|Any CPU.Build.0 = Debug|Any CPU
		{A4462250-E6AC-4FB5-A69B-5AFECF7E64A8}.Release|Any CPU.ActiveCfg = Release|Any CPU
		{A4462250-E6AC-4FB5-A69B-5AFECF7E64A8}.Release|Any CPU.Build.0 = Release|Any CPU
		{A75ED90C-33C6-4F31-910F-E0481EE88553}.Debug|Any CPU.ActiveCfg = Debug|Any CPU
		{A75ED90C-33C6-4F31-910F-E0481EE88553}.Debug|Any CPU.Build.0 = Debug|Any CPU
		{A75ED90C-33C6-4F31-910F-E0481EE88553}.Release|Any CPU.ActiveCfg = Release|Any CPU
		{A75ED90C-33C6-4F31-910F-E0481EE88553}.Release|Any CPU.Build.0 = Release|Any CPU
	EndGlobalSection
	GlobalSection(SolutionProperties) = preSolution
		HideSolutionNode = FALSE
	EndGlobalSection
EndGlobal
