
Microsoft Visual Studio Solution File, Format Version 12.00
# Visual Studio 15
VisualStudioVersion = 15.0.26430.4
MinimumVisualStudioVersion = 10.0.40219.1
Project("{FAE04EC0-301F-11D3-BF4B-00C04F79EFBC}") = "_1_ParkingLot", "_1_ParkingLot\_1_ParkingLot.csproj", "{0BFC0652-1827-4365-A50B-E781E420B7FC}"
EndProject
Project("{FAE04EC0-301F-11D3-BF4B-00C04F79EFBC}") = "_2_SoftuniParty", "_2_SoftuniParty\_2_SoftuniParty.csproj", "{457B0773-28E4-4706-A7EA-BF9CC9EAF303}"
EndProject
Project("{FAE04EC0-301F-11D3-BF4B-00C04F79EFBC}") = "_3_CountSameValueInArray", "_3_CountSameValueInArray\_3_CountSameValueInArray.csproj", "{2D92A9F9-9022-4A93-B9D5-28580E2803F1}"
EndProject
Project("{FAE04EC0-301F-11D3-BF4B-00C04F79EFBC}") = "_0_TestingThePerformanceOfTheProgramme", "_0_TestingThePerformanceOfTheProgramme\_0_TestingThePerformanceOfTheProgramme.csproj", "{BE604BE6-ECD3-4EAE-A25C-71222DB6EB7F}"
EndProject
Project("{FAE04EC0-301F-11D3-BF4B-00C04F79EFBC}") = "_4_AcademyGraduation", "_4_AcademyGraduation\_4_AcademyGraduation.csproj", "{56E6CCCF-31E4-4E64-AB80-38E8582F4FD3}"
EndProject
Global
	GlobalSection(SolutionConfigurationPlatforms) = preSolution
		Debug|Any CPU = Debug|Any CPU
		Release|Any CPU = Release|Any CPU
	EndGlobalSection
	GlobalSection(ProjectConfigurationPlatforms) = postSolution
		{0BFC0652-1827-4365-A50B-E781E420B7FC}.Debug|Any CPU.ActiveCfg = Debug|Any CPU
		{0BFC0652-1827-4365-A50B-E781E420B7FC}.Debug|Any CPU.Build.0 = Debug|Any CPU
		{0BFC0652-1827-4365-A50B-E781E420B7FC}.Release|Any CPU.ActiveCfg = Release|Any CPU
		{0BFC0652-1827-4365-A50B-E781E420B7FC}.Release|Any CPU.Build.0 = Release|Any CPU
		{457B0773-28E4-4706-A7EA-BF9CC9EAF303}.Debug|Any CPU.ActiveCfg = Debug|Any CPU
		{457B0773-28E4-4706-A7EA-BF9CC9EAF303}.Debug|Any CPU.Build.0 = Debug|Any CPU
		{457B0773-28E4-4706-A7EA-BF9CC9EAF303}.Release|Any CPU.ActiveCfg = Release|Any CPU
		{457B0773-28E4-4706-A7EA-BF9CC9EAF303}.Release|Any CPU.Build.0 = Release|Any CPU
		{2D92A9F9-9022-4A93-B9D5-28580E2803F1}.Debug|Any CPU.ActiveCfg = Debug|Any CPU
		{2D92A9F9-9022-4A93-B9D5-28580E2803F1}.Debug|Any CPU.Build.0 = Debug|Any CPU
		{2D92A9F9-9022-4A93-B9D5-28580E2803F1}.Release|Any CPU.ActiveCfg = Release|Any CPU
		{2D92A9F9-9022-4A93-B9D5-28580E2803F1}.Release|Any CPU.Build.0 = Release|Any CPU
		{BE604BE6-ECD3-4EAE-A25C-71222DB6EB7F}.Debug|Any CPU.ActiveCfg = Debug|Any CPU
		{BE604BE6-ECD3-4EAE-A25C-71222DB6EB7F}.Debug|Any CPU.Build.0 = Debug|Any CPU
		{BE604BE6-ECD3-4EAE-A25C-71222DB6EB7F}.Release|Any CPU.ActiveCfg = Release|Any CPU
		{BE604BE6-ECD3-4EAE-A25C-71222DB6EB7F}.Release|Any CPU.Build.0 = Release|Any CPU
		{56E6CCCF-31E4-4E64-AB80-38E8582F4FD3}.Debug|Any CPU.ActiveCfg = Debug|Any CPU
		{56E6CCCF-31E4-4E64-AB80-38E8582F4FD3}.Debug|Any CPU.Build.0 = Debug|Any CPU
		{56E6CCCF-31E4-4E64-AB80-38E8582F4FD3}.Release|Any CPU.ActiveCfg = Release|Any CPU
		{56E6CCCF-31E4-4E64-AB80-38E8582F4FD3}.Release|Any CPU.Build.0 = Release|Any CPU
	EndGlobalSection
	GlobalSection(SolutionProperties) = preSolution
		HideSolutionNode = FALSE
	EndGlobalSection
EndGlobal
