
Microsoft Visual Studio Solution File, Format Version 12.00
# Visual Studio 15
VisualStudioVersion = 15.0.27130.2003
MinimumVisualStudioVersion = 10.0.40219.1
Project("{FAE04EC0-301F-11D3-BF4B-00C04F79EFBC}") = "Task16ExtractHyperLinks", "Task16ExtractHyperLinks\Task16ExtractHyperLinks.csproj", "{C8CE0800-7035-4A38-9DA1-5EF7F9A5A680}"
EndProject
Project("{FAE04EC0-301F-11D3-BF4B-00C04F79EFBC}") = "Task15MerlahSnake", "Task15MerlahSnake\Task15MerlahSnake.csproj", "{D110A297-F458-4CA6-8FF4-78AD86544B39}"
EndProject
Global
	GlobalSection(SolutionConfigurationPlatforms) = preSolution
		Debug|Any CPU = Debug|Any CPU
		Release|Any CPU = Release|Any CPU
	EndGlobalSection
	GlobalSection(ProjectConfigurationPlatforms) = postSolution
		{C8CE0800-7035-4A38-9DA1-5EF7F9A5A680}.Debug|Any CPU.ActiveCfg = Debug|Any CPU
		{C8CE0800-7035-4A38-9DA1-5EF7F9A5A680}.Debug|Any CPU.Build.0 = Debug|Any CPU
		{C8CE0800-7035-4A38-9DA1-5EF7F9A5A680}.Release|Any CPU.ActiveCfg = Release|Any CPU
		{C8CE0800-7035-4A38-9DA1-5EF7F9A5A680}.Release|Any CPU.Build.0 = Release|Any CPU
		{D110A297-F458-4CA6-8FF4-78AD86544B39}.Debug|Any CPU.ActiveCfg = Debug|Any CPU
		{D110A297-F458-4CA6-8FF4-78AD86544B39}.Debug|Any CPU.Build.0 = Debug|Any CPU
		{D110A297-F458-4CA6-8FF4-78AD86544B39}.Release|Any CPU.ActiveCfg = Release|Any CPU
		{D110A297-F458-4CA6-8FF4-78AD86544B39}.Release|Any CPU.Build.0 = Release|Any CPU
	EndGlobalSection
	GlobalSection(SolutionProperties) = preSolution
		HideSolutionNode = FALSE
	EndGlobalSection
	GlobalSection(ExtensibilityGlobals) = postSolution
		SolutionGuid = {F9149964-8D83-4761-898F-B218F5CD4631}
	EndGlobalSection
EndGlobal
